
Microsoft Visual Studio Solution File, Format Version 12.00
# Visual Studio 15
VisualStudioVersion = 15.0.27428.2015
MinimumVisualStudioVersion = 10.0.40219.1
Project("{FAE04EC0-301F-11D3-BF4B-00C04F79EFBC}") = "SeleniumGridTest.Helpers", "SeleniumGridTest.Helpers\SeleniumGridTest.Helpers.csproj", "{47FFC601-FB3D-4E86-B7D0-D3EEA31E52D1}"
EndProject
Project("{FAE04EC0-301F-11D3-BF4B-00C04F79EFBC}") = "SeleniumGridTest.UI.Tests", "SeleniumGridTest.UI.Tests\SeleniumGridTest.UI.Tests.csproj", "{ED2AD054-0FCF-49F2-840A-642AD2D8D99C}"
EndProject
Project("{FAE04EC0-301F-11D3-BF4B-00C04F79EFBC}") = "SeleniumGridTest.Selenium", "SeleniumGridTest.Selenium\SeleniumGridTest.Selenium.csproj", "{7202FA30-E9B8-4EFD-AF8E-087EB0DE335B}"
EndProject
Global
	GlobalSection(SolutionConfigurationPlatforms) = preSolution
		Debug|Any CPU = Debug|Any CPU
		Release|Any CPU = Release|Any CPU
	EndGlobalSection
	GlobalSection(ProjectConfigurationPlatforms) = postSolution
		{47FFC601-FB3D-4E86-B7D0-D3EEA31E52D1}.Debug|Any CPU.ActiveCfg = Debug|Any CPU
		{47FFC601-FB3D-4E86-B7D0-D3EEA31E52D1}.Debug|Any CPU.Build.0 = Debug|Any CPU
		{47FFC601-FB3D-4E86-B7D0-D3EEA31E52D1}.Release|Any CPU.ActiveCfg = Release|Any CPU
		{47FFC601-FB3D-4E86-B7D0-D3EEA31E52D1}.Release|Any CPU.Build.0 = Release|Any CPU
		{ED2AD054-0FCF-49F2-840A-642AD2D8D99C}.Debug|Any CPU.ActiveCfg = Debug|Any CPU
		{ED2AD054-0FCF-49F2-840A-642AD2D8D99C}.Debug|Any CPU.Build.0 = Debug|Any CPU
		{ED2AD054-0FCF-49F2-840A-642AD2D8D99C}.Release|Any CPU.ActiveCfg = Release|Any CPU
		{ED2AD054-0FCF-49F2-840A-642AD2D8D99C}.Release|Any CPU.Build.0 = Release|Any CPU
		{7202FA30-E9B8-4EFD-AF8E-087EB0DE335B}.Debug|Any CPU.ActiveCfg = Debug|Any CPU
		{7202FA30-E9B8-4EFD-AF8E-087EB0DE335B}.Debug|Any CPU.Build.0 = Debug|Any CPU
		{7202FA30-E9B8-4EFD-AF8E-087EB0DE335B}.Release|Any CPU.ActiveCfg = Release|Any CPU
		{7202FA30-E9B8-4EFD-AF8E-087EB0DE335B}.Release|Any CPU.Build.0 = Release|Any CPU
	EndGlobalSection
	GlobalSection(SolutionProperties) = preSolution
		HideSolutionNode = FALSE
	EndGlobalSection
	GlobalSection(ExtensibilityGlobals) = postSolution
		SolutionGuid = {67B223DE-9A62-4CAF-B2B4-44D81D9772A0}
	EndGlobalSection
EndGlobal
